
Microsoft Visual Studio Solution File, Format Version 12.00
# Visual Studio Version 16
VisualStudioVersion = 16.0.28407.52
MinimumVisualStudioVersion = 10.0.40219.1
Project("{FAE04EC0-301F-11D3-BF4B-00C04F79EFBC}") = "Geek Squad", "Geek Squad\Geek Squad.csproj", "{2D7A9162-41D3-4C51-A1A5-EAF11AA5CFF6}"
EndProject
Project("{FAE04EC0-301F-11D3-BF4B-00C04F79EFBC}") = "DataAccessLibrary", "DataAccessLibrary\DataAccessLibrary.csproj", "{4A0D6632-4708-45C8-A9D5-071EE028CFD3}"
EndProject
Global
	GlobalSection(SolutionConfigurationPlatforms) = preSolution
		Debug Agent|Any CPU = Debug Agent|Any CPU
		Debug Agent|ARM = Debug Agent|ARM
		Debug Agent|ARM64 = Debug Agent|ARM64
		Debug Agent|x64 = Debug Agent|x64
		Debug Agent|x86 = Debug Agent|x86
		Debug|Any CPU = Debug|Any CPU
		Debug|ARM = Debug|ARM
		Debug|ARM64 = Debug|ARM64
		Debug|x64 = Debug|x64
		Debug|x86 = Debug|x86
		Release|Any CPU = Release|Any CPU
		Release|ARM = Release|ARM
		Release|ARM64 = Release|ARM64
		Release|x64 = Release|x64
		Release|x86 = Release|x86
	EndGlobalSection
	GlobalSection(ProjectConfigurationPlatforms) = postSolution
		{2D7A9162-41D3-4C51-A1A5-EAF11AA5CFF6}.Debug Agent|Any CPU.ActiveCfg = Debug Agent|x86
		{2D7A9162-41D3-4C51-A1A5-EAF11AA5CFF6}.Debug Agent|ARM.ActiveCfg = Debug Agent|ARM
		{2D7A9162-41D3-4C51-A1A5-EAF11AA5CFF6}.Debug Agent|ARM.Build.0 = Debug Agent|ARM
		{2D7A9162-41D3-4C51-A1A5-EAF11AA5CFF6}.Debug Agent|ARM.Deploy.0 = Debug Agent|ARM
		{2D7A9162-41D3-4C51-A1A5-EAF11AA5CFF6}.Debug Agent|ARM64.ActiveCfg = Debug Agent|x86
		{2D7A9162-41D3-4C51-A1A5-EAF11AA5CFF6}.Debug Agent|x64.ActiveCfg = Debug Agent|x64
		{2D7A9162-41D3-4C51-A1A5-EAF11AA5CFF6}.Debug Agent|x64.Build.0 = Debug Agent|x64
		{2D7A9162-41D3-4C51-A1A5-EAF11AA5CFF6}.Debug Agent|x64.Deploy.0 = Debug Agent|x64
		{2D7A9162-41D3-4C51-A1A5-EAF11AA5CFF6}.Debug Agent|x86.ActiveCfg = Debug Agent|x86
		{2D7A9162-41D3-4C51-A1A5-EAF11AA5CFF6}.Debug Agent|x86.Build.0 = Debug Agent|x86
		{2D7A9162-41D3-4C51-A1A5-EAF11AA5CFF6}.Debug Agent|x86.Deploy.0 = Debug Agent|x86
		{2D7A9162-41D3-4C51-A1A5-EAF11AA5CFF6}.Debug|Any CPU.ActiveCfg = Debug|x86
		{2D7A9162-41D3-4C51-A1A5-EAF11AA5CFF6}.Debug|ARM.ActiveCfg = Debug|ARM
		{2D7A9162-41D3-4C51-A1A5-EAF11AA5CFF6}.Debug|ARM.Build.0 = Debug|ARM
		{2D7A9162-41D3-4C51-A1A5-EAF11AA5CFF6}.Debug|ARM.Deploy.0 = Debug|ARM
		{2D7A9162-41D3-4C51-A1A5-EAF11AA5CFF6}.Debug|ARM64.ActiveCfg = Debug|x86
		{2D7A9162-41D3-4C51-A1A5-EAF11AA5CFF6}.Debug|x64.ActiveCfg = Debug|x64
		{2D7A9162-41D3-4C51-A1A5-EAF11AA5CFF6}.Debug|x64.Build.0 = Debug|x64
		{2D7A9162-41D3-4C51-A1A5-EAF11AA5CFF6}.Debug|x64.Deploy.0 = Debug|x64
		{2D7A9162-41D3-4C51-A1A5-EAF11AA5CFF6}.Debug|x86.ActiveCfg = Debug|x86
		{2D7A9162-41D3-4C51-A1A5-EAF11AA5CFF6}.Debug|x86.Build.0 = Debug|x86
		{2D7A9162-41D3-4C51-A1A5-EAF11AA5CFF6}.Debug|x86.Deploy.0 = Debug|x86
		{2D7A9162-41D3-4C51-A1A5-EAF11AA5CFF6}.Release|Any CPU.ActiveCfg = Release|x86
		{2D7A9162-41D3-4C51-A1A5-EAF11AA5CFF6}.Release|ARM.ActiveCfg = Release|ARM
		{2D7A9162-41D3-4C51-A1A5-EAF11AA5CFF6}.Release|ARM.Build.0 = Release|ARM
		{2D7A9162-41D3-4C51-A1A5-EAF11AA5CFF6}.Release|ARM.Deploy.0 = Release|ARM
		{2D7A9162-41D3-4C51-A1A5-EAF11AA5CFF6}.Release|ARM64.ActiveCfg = Release|x86
		{2D7A9162-41D3-4C51-A1A5-EAF11AA5CFF6}.Release|x64.ActiveCfg = Release|x64
		{2D7A9162-41D3-4C51-A1A5-EAF11AA5CFF6}.Release|x64.Build.0 = Release|x64
		{2D7A9162-41D3-4C51-A1A5-EAF11AA5CFF6}.Release|x64.Deploy.0 = Release|x64
		{2D7A9162-41D3-4C51-A1A5-EAF11AA5CFF6}.Release|x86.ActiveCfg = Release|x86
		{2D7A9162-41D3-4C51-A1A5-EAF11AA5CFF6}.Release|x86.Build.0 = Release|x86
		{2D7A9162-41D3-4C51-A1A5-EAF11AA5CFF6}.Release|x86.Deploy.0 = Release|x86
		{4A0D6632-4708-45C8-A9D5-071EE028CFD3}.Debug Agent|Any CPU.ActiveCfg = Debug|Any CPU
		{4A0D6632-4708-45C8-A9D5-071EE028CFD3}.Debug Agent|Any CPU.Build.0 = Debug|Any CPU
		{4A0D6632-4708-45C8-A9D5-071EE028CFD3}.Debug Agent|ARM.ActiveCfg = Debug|ARM
		{4A0D6632-4708-45C8-A9D5-071EE028CFD3}.Debug Agent|ARM.Build.0 = Debug|ARM
		{4A0D6632-4708-45C8-A9D5-071EE028CFD3}.Debug Agent|ARM64.ActiveCfg = Debug|ARM64
		{4A0D6632-4708-45C8-A9D5-071EE028CFD3}.Debug Agent|ARM64.Build.0 = Debug|ARM64
		{4A0D6632-4708-45C8-A9D5-071EE028CFD3}.Debug Agent|x64.ActiveCfg = Debug|x64
		{4A0D6632-4708-45C8-A9D5-071EE028CFD3}.Debug Agent|x64.Build.0 = Debug|x64
		{4A0D6632-4708-45C8-A9D5-071EE028CFD3}.Debug Agent|x86.ActiveCfg = Debug|x86
		{4A0D6632-4708-45C8-A9D5-071EE028CFD3}.Debug Agent|x86.Build.0 = Debug|x86
		{4A0D6632-4708-45C8-A9D5-071EE028CFD3}.Debug|Any CPU.ActiveCfg = Debug|Any CPU
		{4A0D6632-4708-45C8-A9D5-071EE028CFD3}.Debug|Any CPU.Build.0 = Debug|Any CPU
		{4A0D6632-4708-45C8-A9D5-071EE028CFD3}.Debug|ARM.ActiveCfg = Debug|ARM
		{4A0D6632-4708-45C8-A9D5-071EE028CFD3}.Debug|ARM.Build.0 = Debug|ARM
		{4A0D6632-4708-45C8-A9D5-071EE028CFD3}.Debug|ARM64.ActiveCfg = Debug|ARM64
		{4A0D6632-4708-45C8-A9D5-071EE028CFD3}.Debug|ARM64.Build.0 = Debug|ARM64
		{4A0D6632-4708-45C8-A9D5-071EE028CFD3}.Debug|x64.ActiveCfg = Debug|x64
		{4A0D6632-4708-45C8-A9D5-071EE028CFD3}.Debug|x64.Build.0 = Debug|x64
		{4A0D6632-4708-45C8-A9D5-071EE028CFD3}.Debug|x86.ActiveCfg = Debug|x86
		{4A0D6632-4708-45C8-A9D5-071EE028CFD3}.Debug|x86.Build.0 = Debug|x86
		{4A0D6632-4708-45C8-A9D5-071EE028CFD3}.Release|Any CPU.ActiveCfg = Release|Any CPU
		{4A0D6632-4708-45C8-A9D5-071EE028CFD3}.Release|Any CPU.Build.0 = Release|Any CPU
		{4A0D6632-4708-45C8-A9D5-071EE028CFD3}.Release|ARM.ActiveCfg = Release|ARM
		{4A0D6632-4708-45C8-A9D5-071EE028CFD3}.Release|ARM.Build.0 = Release|ARM
		{4A0D6632-4708-45C8-A9D5-071EE028CFD3}.Release|ARM64.ActiveCfg = Release|ARM64
		{4A0D6632-4708-45C8-A9D5-071EE028CFD3}.Release|ARM64.Build.0 = Release|ARM64
		{4A0D6632-4708-45C8-A9D5-071EE028CFD3}.Release|x64.ActiveCfg = Release|x64
		{4A0D6632-4708-45C8-A9D5-071EE028CFD3}.Release|x64.Build.0 = Release|x64
		{4A0D6632-4708-45C8-A9D5-071EE028CFD3}.Release|x86.ActiveCfg = Release|x86
		{4A0D6632-4708-45C8-A9D5-071EE028CFD3}.Release|x86.Build.0 = Release|x86
	EndGlobalSection
	GlobalSection(SolutionProperties) = preSolution
		HideSolutionNode = FALSE
	EndGlobalSection
	GlobalSection(ExtensibilityGlobals) = postSolution
		SolutionGuid = {E1EDA11F-E5AF-45FD-BFFF-A5CC17DDF7D8}
	EndGlobalSection
EndGlobal
